
Microsoft Visual Studio Solution File, Format Version 12.00
# Visual Studio Version 17
VisualStudioVersion = 17.8.34511.84
MinimumVisualStudioVersion = 10.0.40219.1
Project("{FAE04EC0-301F-11D3-BF4B-00C04F79EFBC}") = "Pempiik", "Pempiik\Pempiik.csproj", "{724327FF-35BC-43CF-A4E8-8DB31B83A53C}"
EndProject
Global
	GlobalSection(SolutionConfigurationPlatforms) = preSolution
		Debug|Any CPU = Debug|Any CPU
		Release|Any CPU = Release|Any CPU
	EndGlobalSection
	GlobalSection(ProjectConfigurationPlatforms) = postSolution
		{724327FF-35BC-43CF-A4E8-8DB31B83A53C}.Debug|Any CPU.ActiveCfg = Debug|Any CPU
		{724327FF-35BC-43CF-A4E8-8DB31B83A53C}.Debug|Any CPU.Build.0 = Debug|Any CPU
		{724327FF-35BC-43CF-A4E8-8DB31B83A53C}.Release|Any CPU.ActiveCfg = Debug|Any CPU
		{724327FF-35BC-43CF-A4E8-8DB31B83A53C}.Release|Any CPU.Build.0 = Debug|Any CPU
	EndGlobalSection
	GlobalSection(SolutionProperties) = preSolution
		HideSolutionNode = FALSE
	EndGlobalSection
	GlobalSection(ExtensibilityGlobals) = postSolution
		SolutionGuid = {DF336FD1-07BB-463F-99FA-E25ED31A6C0A}
	EndGlobalSection
EndGlobal
